// !$*UTF8*$!
{
	archiveVersion = 1;
	classes = {
	};
	objectVersion = 46;
	objects = {

/* Begin PBXBuildFile section */
		304C3122173B3E3A005223B1 /* UIKit.framework in Frameworks */ = {isa = PBXBuildFile; fileRef = 304C3121173B3E3A005223B1 /* UIKit.framework */; };
		304C3124173B3E3A005223B1 /* Foundation.framework in Frameworks */ = {isa = PBXBuildFile; fileRef = 304C3123173B3E3A005223B1 /* Foundation.framework */; };
		304C3126173B3E3A005223B1 /* CoreGraphics.framework in Frameworks */ = {isa = PBXBuildFile; fileRef = 304C3125173B3E3A005223B1 /* CoreGraphics.framework */; };
		304C312C173B3E3A005223B1 /* InfoPlist.strings in Resources */ = {isa = PBXBuildFile; fileRef = 304C312A173B3E3A005223B1 /* InfoPlist.strings */; };
		304C312E173B3E3A005223B1 /* main.m in Sources */ = {isa = PBXBuildFile; fileRef = 304C312D173B3E3A005223B1 /* main.m */; };
		304C3132173B3E3A005223B1 /* AppDelegate.m in Sources */ = {isa = PBXBuildFile; fileRef = 304C3131173B3E3A005223B1 /* AppDelegate.m */; };
		304C3134173B3E3A005223B1 /* Default.png in Resources */ = {isa = PBXBuildFile; fileRef = 304C3133173B3E3A005223B1 /* Default.png */; };
		304C3136173B3E3A005223B1 /* Default@2x.png in Resources */ = {isa = PBXBuildFile; fileRef = 304C3135173B3E3A005223B1 /* Default@2x.png */; };
		304C3138173B3E3A005223B1 /* Default-568h@2x.png in Resources */ = {isa = PBXBuildFile; fileRef = 304C3137173B3E3A005223B1 /* Default-568h@2x.png */; };
/* End PBXBuildFile section */

/* Begin PBXFileReference section */
		304C311E173B3E3A005223B1 /* aocApp.app */ = {isa = PBXFileReference; explicitFileType = wrapper.application; includeInIndex = 0; path = aocApp.app; sourceTree = BUILT_PRODUCTS_DIR; };
		304C3121173B3E3A005223B1 /* UIKit.framework */ = {isa = PBXFileReference; lastKnownFileType = wrapper.framework; name = UIKit.framework; path = System/Library/Frameworks/UIKit.framework; sourceTree = SDKROOT; };
		304C3123173B3E3A005223B1 /* Foundation.framework */ = {isa = PBXFileReference; lastKnownFileType = wrapper.framework; name = Foundation.framework; path = System/Library/Frameworks/Foundation.framework; sourceTree = SDKROOT; };
		304C3125173B3E3A005223B1 /* CoreGraphics.framework */ = {isa = PBXFileReference; lastKnownFileType = wrapper.framework; name = CoreGraphics.framework; path = System/Library/Frameworks/CoreGraphics.framework; sourceTree = SDKROOT; };
		304C3129173B3E3A005223B1 /* aocApp-Info.plist */ = {isa = PBXFileReference; lastKnownFileType = text.plist.xml; path = "aocApp-Info.plist"; sourceTree = "<group>"; };
		304C312B173B3E3A005223B1 /* en */ = {isa = PBXFileReference; lastKnownFileType = text.plist.strings; name = en; path = en.lproj/InfoPlist.strings; sourceTree = "<group>"; };
		304C312D173B3E3A005223B1 /* main.m */ = {isa = PBXFileReference; lastKnownFileType = sourcecode.c.objc; path = main.m; sourceTree = "<group>"; };
		304C312F173B3E3A005223B1 /* aocApp-Prefix.pch */ = {isa = PBXFileReference; lastKnownFileType = sourcecode.c.h; path = "aocApp-Prefix.pch"; sourceTree = "<group>"; };
		304C3130173B3E3A005223B1 /* AppDelegate.h */ = {isa = PBXFileReference; lastKnownFileType = sourcecode.c.h; path = AppDelegate.h; sourceTree = "<group>"; };
		304C3131173B3E3A005223B1 /* AppDelegate.m */ = {isa = PBXFileReference; lastKnownFileType = sourcecode.c.objc; path = AppDelegate.m; sourceTree = "<group>"; };
		304C3133173B3E3A005223B1 /* Default.png */ = {isa = PBXFileReference; lastKnownFileType = image.png; path = Default.png; sourceTree = "<group>"; };
		304C3135173B3E3A005223B1 /* Default@2x.png */ = {isa = PBXFileReference; lastKnownFileType = image.png; path = "Default@2x.png"; sourceTree = "<group>"; };
		304C3137173B3E3A005223B1 /* Default-568h@2x.png */ = {isa = PBXFileReference; lastKnownFileType = image.png; path = "Default-568h@2x.png"; sourceTree = "<group>"; };
/* End PBXFileReference section */

/* Begin PBXFrameworksBuildPhase section */
		304C311B173B3E3A005223B1 /* Frameworks */ = {
			isa = PBXFrameworksBuildPhase;
			buildActionMask = 2147483647;
			files = (
				304C3122173B3E3A005223B1 /* UIKit.framework in Frameworks */,
				304C3124173B3E3A005223B1 /* Foundation.framework in Frameworks */,
				304C3126173B3E3A005223B1 /* CoreGraphics.framework in Frameworks */,
			);
			runOnlyForDeploymentPostprocessing = 0;
		};
/* End PBXFrameworksBuildPhase section */

/* Begin PBXGroup section */
		304C3115173B3E3A005223B1 = {
			isa = PBXGroup;
			children = (
				304C3127173B3E3A005223B1 /* aocApp */,
				304C3120173B3E3A005223B1 /* Frameworks */,
				304C311F173B3E3A005223B1 /* Products */,
			);
			sourceTree = "<group>";
		};
		304C311F173B3E3A005223B1 /* Products */ = {
			isa = PBXGroup;
			children = (
				304C311E173B3E3A005223B1 /* aocApp.app */,
			);
			name = Products;
			sourceTree = "<group>";
		};
		304C3120173B3E3A005223B1 /* Frameworks */ = {
			isa = PBXGroup;
			children = (
				304C3121173B3E3A005223B1 /* UIKit.framework */,
				304C3123173B3E3A005223B1 /* Foundation.framework */,
				304C3125173B3E3A005223B1 /* CoreGraphics.framework */,
			);
			name = Frameworks;
			sourceTree = "<group>";
		};
		304C3127173B3E3A005223B1 /* aocApp */ = {
			isa = PBXGroup;
			children = (
				304C3130173B3E3A005223B1 /* AppDelegate.h */,
				304C3131173B3E3A005223B1 /* AppDelegate.m */,
				304C3128173B3E3A005223B1 /* Supporting Files */,
			);
			path = aocApp;
			sourceTree = "<group>";
		};
		304C3128173B3E3A005223B1 /* Supporting Files */ = {
			isa = PBXGroup;
			children = (
				304C3129173B3E3A005223B1 /* aocApp-Info.plist */,
				304C312A173B3E3A005223B1 /* InfoPlist.strings */,
				304C312D173B3E3A005223B1 /* main.m */,
				304C312F173B3E3A005223B1 /* aocApp-Prefix.pch */,
				304C3133173B3E3A005223B1 /* Default.png */,
				304C3135173B3E3A005223B1 /* Default@2x.png */,
				304C3137173B3E3A005223B1 /* Default-568h@2x.png */,
			);
			name = "Supporting Files";
			sourceTree = "<group>";
		};
/* End PBXGroup section */

/* Begin PBXNativeTarget section */
		304C311D173B3E3A005223B1 /* aocApp */ = {
			isa = PBXNativeTarget;
			buildConfigurationList = 304C313B173B3E3A005223B1 /* Build configuration list for PBXNativeTarget "aocApp" */;
			buildPhases = (
				304C311A173B3E3A005223B1 /* Sources */,
				304C311B173B3E3A005223B1 /* Frameworks */,
				304C311C173B3E3A005223B1 /* Resources */,
			);
			buildRules = (
			);
			dependencies = (
			);
			name = aocApp;
			productName = aocApp;
			productReference = 304C311E173B3E3A005223B1 /* aocApp.app */;
			productType = "com.apple.product-type.application";
		};
/* End PBXNativeTarget section */

/* Begin PBXProject section */
		304C3116173B3E3A005223B1 /* Project object */ = {
			isa = PBXProject;
			attributes = {
				LastUpgradeCheck = 0460;
			};
			buildConfigurationList = 304C3119173B3E3A005223B1 /* Build configuration list for PBXProject "aocApp" */;
			compatibilityVersion = "Xcode 3.2";
			developmentRegion = English;
			hasScannedForEncodings = 0;
			knownRegions = (
				en,
			);
			mainGroup = 304C3115173B3E3A005223B1;
			productRefGroup = 304C311F173B3E3A005223B1 /* Products */;
			projectDirPath = "";
			projectRoot = "";
			targets = (
				304C311D173B3E3A005223B1 /* aocApp */,
			);
		};
/* End PBXProject section */

/* Begin PBXResourcesBuildPhase section */
		304C311C173B3E3A005223B1 /* Resources */ = {
			isa = PBXResourcesBuildPhase;
			buildActionMask = 2147483647;
			files = (
				304C312C173B3E3A005223B1 /* InfoPlist.strings in Resources */,
				304C3134173B3E3A005223B1 /* Default.png in Resources */,
				304C3136173B3E3A005223B1 /* Default@2x.png in Resources */,
				304C3138173B3E3A005223B1 /* Default-568h@2x.png in Resources */,
			);
			runOnlyForDeploymentPostprocessing = 0;
		};
/* End PBXResourcesBuildPhase section */

/* Begin PBXSourcesBuildPhase section */
		304C311A173B3E3A005223B1 /* Sources */ = {
			isa = PBXSourcesBuildPhase;
			buildActionMask = 2147483647;
			files = (
				304C312E173B3E3A005223B1 /* main.m in Sources */,
				304C3132173B3E3A005223B1 /* AppDelegate.m in Sources */,
			);
			runOnlyForDeploymentPostprocessing = 0;
		};
/* End PBXSourcesBuildPhase section */

/* Begin PBXVariantGroup section */
		304C312A173B3E3A005223B1 /* InfoPlist.strings */ = {
			isa = PBXVariantGroup;
			children = (
				304C312B173B3E3A005223B1 /* en */,
			);
			name = InfoPlist.strings;
			sourceTree = "<group>";
		};
/* End PBXVariantGroup section */

/* Begin XCBuildConfiguration section */
		304C3139173B3E3A005223B1 /* Debug */ = {
			isa = XCBuildConfiguration;
			buildSettings = {
				ALWAYS_SEARCH_USER_PATHS = NO;
				CLANG_CXX_LANGUAGE_STANDARD = "gnu++0x";
				CLANG_CXX_LIBRARY = "libc++";
				CLANG_WARN_CONSTANT_CONVERSION = YES;
				CLANG_WARN_EMPTY_BODY = YES;
				CLANG_WARN_ENUM_CONVERSION = YES;
				CLANG_WARN_INT_CONVERSION = YES;
				CLANG_WARN__DUPLICATE_METHOD_MATCH = YES;
				"CODE_SIGN_IDENTITY[sdk=iphoneos*]" = "iPhone Developer";
				COPY_PHASE_STRIP = NO;
				GCC_C_LANGUAGE_STANDARD = gnu99;
				GCC_DYNAMIC_NO_PIC = NO;
				GCC_OPTIMIZATION_LEVEL = 0;
				GCC_PREPROCESSOR_DEFINITIONS = (
					"DEBUG=1",
					"$(inherited)",
				);
				GCC_SYMBOLS_PRIVATE_EXTERN = NO;
				GCC_WARN_ABOUT_RETURN_TYPE = YES;
				GCC_WARN_UNINITIALIZED_AUTOS = YES;
				GCC_WARN_UNUSED_VARIABLE = YES;
				IPHONEOS_DEPLOYMENT_TARGET = 6.1;
				ONLY_ACTIVE_ARCH = YES;
				SDKROOT = iphoneos;
				TARGETED_DEVICE_FAMILY = "1,2";
			};
			name = Debug;
		};
		304C313A173B3E3A005223B1 /* Release */ = {
			isa = XCBuildConfiguration;
			buildSettings = {
				ALWAYS_SEARCH_USER_PATHS = NO;
				CLANG_CXX_LANGUAGE_STANDARD = "gnu++0x";
				CLANG_CXX_LIBRARY = "libc++";
				CLANG_WARN_CONSTANT_CONVERSION = YES;
				CLANG_WARN_EMPTY_BODY = YES;
				CLANG_WARN_ENUM_CONVERSION = YES;
				CLANG_WARN_INT_CONVERSION = YES;
				CLANG_WARN__DUPLICATE_METHOD_MATCH = YES;
				"CODE_SIGN_IDENTITY[sdk=iphoneos*]" = "iPhone Developer";
				COPY_PHASE_STRIP = YES;
				GCC_C_LANGUAGE_STANDARD = gnu99;
				GCC_WARN_ABOUT_RETURN_TYPE = YES;
				GCC_WARN_UNINITIALIZED_AUTOS = YES;
				GCC_WARN_UNUSED_VARIABLE = YES;
				IPHONEOS_DEPLOYMENT_TARGET = 6.1;
				OTHER_CFLAGS = "-DNS_BLOCK_ASSERTIONS=1";
				SDKROOT = iphoneos;
				TARGETED_DEVICE_FAMILY = "1,2";
				VALIDATE_PRODUCT = YES;
			};
			name = Release;
		};
		304C313C173B3E3A005223B1 /* Debug */ = {
			isa = XCBuildConfiguration;
			buildSettings = {
				GCC_PRECOMPILE_PREFIX_HEADER = YES;
				GCC_PREFIX_HEADER = "aocApp/aocApp-Prefix.pch";
				INFOPLIST_FILE = "aocApp/aocApp-Info.plist";
				PRODUCT_NAME = "$(TARGET_NAME)";
				WRAPPER_EXTENSION = app;
			};
			name = Debug;
		};
		304C313D173B3E3A005223B1 /* Release */ = {
			isa = XCBuildConfiguration;
			buildSettings = {
				GCC_PRECOMPILE_PREFIX_HEADER = YES;
				GCC_PREFIX_HEADER = "aocApp/aocApp-Prefix.pch";
				INFOPLIST_FILE = "aocApp/aocApp-Info.plist";
				PRODUCT_NAME = "$(TARGET_NAME)";
				WRAPPER_EXTENSION = app;
			};
			name = Release;
		};
/* End XCBuildConfiguration section */

/* Begin XCConfigurationList section */
		304C3119173B3E3A005223B1 /* Build configuration list for PBXProject "aocApp" */ = {
			isa = XCConfigurationList;
			buildConfigurations = (
				304C3139173B3E3A005223B1 /* Debug */,
				304C313A173B3E3A005223B1 /* Release */,
			);
			defaultConfigurationIsVisible = 0;
			defaultConfigurationName = Release;
		};
		304C313B173B3E3A005223B1 /* Build configuration list for PBXNativeTarget "aocApp" */ = {
			isa = XCConfigurationList;
			buildConfigurations = (
				304C313C173B3E3A005223B1 /* Debug */,
				304C313D173B3E3A005223B1 /* Release */,
			);
			defaultConfigurationIsVisible = 0;
		};
/* End XCConfigurationList section */
	};
	rootObject = 304C3116173B3E3A005223B1 /* Project object */;
}
