// !$*UTF8*$!
{
	archiveVersion = 1;
	classes = {
	};
	objectVersion = 46;
	objects = {

/* Begin PBXBuildFile section */
		307077211745526D008A8F29 /* UIKit.framework in Frameworks */ = {isa = PBXBuildFile; fileRef = 307077201745526D008A8F29 /* UIKit.framework */; };
		307077231745526D008A8F29 /* Foundation.framework in Frameworks */ = {isa = PBXBuildFile; fileRef = 307077221745526D008A8F29 /* Foundation.framework */; };
		307077251745526D008A8F29 /* CoreGraphics.framework in Frameworks */ = {isa = PBXBuildFile; fileRef = 307077241745526D008A8F29 /* CoreGraphics.framework */; };
		3070772B1745526D008A8F29 /* InfoPlist.strings in Resources */ = {isa = PBXBuildFile; fileRef = 307077291745526D008A8F29 /* InfoPlist.strings */; };
		3070772D1745526D008A8F29 /* main.m in Sources */ = {isa = PBXBuildFile; fileRef = 3070772C1745526D008A8F29 /* main.m */; };
		307077311745526D008A8F29 /* AppDelegate.m in Sources */ = {isa = PBXBuildFile; fileRef = 307077301745526D008A8F29 /* AppDelegate.m */; };
		307077331745526D008A8F29 /* Default.png in Resources */ = {isa = PBXBuildFile; fileRef = 307077321745526D008A8F29 /* Default.png */; };
		307077351745526D008A8F29 /* Default@2x.png in Resources */ = {isa = PBXBuildFile; fileRef = 307077341745526D008A8F29 /* Default@2x.png */; };
		307077371745526D008A8F29 /* Default-568h@2x.png in Resources */ = {isa = PBXBuildFile; fileRef = 307077361745526D008A8F29 /* Default-568h@2x.png */; };
		3070773A1745526E008A8F29 /* MainStoryboard_iPhone.storyboard in Resources */ = {isa = PBXBuildFile; fileRef = 307077381745526E008A8F29 /* MainStoryboard_iPhone.storyboard */; };
		3070773D1745526E008A8F29 /* MainStoryboard_iPad.storyboard in Resources */ = {isa = PBXBuildFile; fileRef = 3070773B1745526E008A8F29 /* MainStoryboard_iPad.storyboard */; };
		307077401745526E008A8F29 /* ViewController.m in Sources */ = {isa = PBXBuildFile; fileRef = 3070773F1745526E008A8F29 /* ViewController.m */; };
/* End PBXBuildFile section */

/* Begin PBXFileReference section */
		3070771D1745526D008A8F29 /* aocApp2.app */ = {isa = PBXFileReference; explicitFileType = wrapper.application; includeInIndex = 0; path = aocApp2.app; sourceTree = BUILT_PRODUCTS_DIR; };
		307077201745526D008A8F29 /* UIKit.framework */ = {isa = PBXFileReference; lastKnownFileType = wrapper.framework; name = UIKit.framework; path = System/Library/Frameworks/UIKit.framework; sourceTree = SDKROOT; };
		307077221745526D008A8F29 /* Foundation.framework */ = {isa = PBXFileReference; lastKnownFileType = wrapper.framework; name = Foundation.framework; path = System/Library/Frameworks/Foundation.framework; sourceTree = SDKROOT; };
		307077241745526D008A8F29 /* CoreGraphics.framework */ = {isa = PBXFileReference; lastKnownFileType = wrapper.framework; name = CoreGraphics.framework; path = System/Library/Frameworks/CoreGraphics.framework; sourceTree = SDKROOT; };
		307077281745526D008A8F29 /* aocApp2-Info.plist */ = {isa = PBXFileReference; lastKnownFileType = text.plist.xml; path = "aocApp2-Info.plist"; sourceTree = "<group>"; };
		3070772A1745526D008A8F29 /* en */ = {isa = PBXFileReference; lastKnownFileType = text.plist.strings; name = en; path = en.lproj/InfoPlist.strings; sourceTree = "<group>"; };
		3070772C1745526D008A8F29 /* main.m */ = {isa = PBXFileReference; lastKnownFileType = sourcecode.c.objc; path = main.m; sourceTree = "<group>"; };
		3070772E1745526D008A8F29 /* aocApp2-Prefix.pch */ = {isa = PBXFileReference; lastKnownFileType = sourcecode.c.h; path = "aocApp2-Prefix.pch"; sourceTree = "<group>"; };
		3070772F1745526D008A8F29 /* AppDelegate.h */ = {isa = PBXFileReference; lastKnownFileType = sourcecode.c.h; path = AppDelegate.h; sourceTree = "<group>"; };
		307077301745526D008A8F29 /* AppDelegate.m */ = {isa = PBXFileReference; lastKnownFileType = sourcecode.c.objc; path = AppDelegate.m; sourceTree = "<group>"; };
		307077321745526D008A8F29 /* Default.png */ = {isa = PBXFileReference; lastKnownFileType = image.png; path = Default.png; sourceTree = "<group>"; };
		307077341745526D008A8F29 /* Default@2x.png */ = {isa = PBXFileReference; lastKnownFileType = image.png; path = "Default@2x.png"; sourceTree = "<group>"; };
		307077361745526D008A8F29 /* Default-568h@2x.png */ = {isa = PBXFileReference; lastKnownFileType = image.png; path = "Default-568h@2x.png"; sourceTree = "<group>"; };
		307077391745526E008A8F29 /* en */ = {isa = PBXFileReference; lastKnownFileType = file.storyboard; name = en; path = en.lproj/MainStoryboard_iPhone.storyboard; sourceTree = "<group>"; };
		3070773C1745526E008A8F29 /* en */ = {isa = PBXFileReference; lastKnownFileType = file.storyboard; name = en; path = en.lproj/MainStoryboard_iPad.storyboard; sourceTree = "<group>"; };
		3070773E1745526E008A8F29 /* ViewController.h */ = {isa = PBXFileReference; lastKnownFileType = sourcecode.c.h; path = ViewController.h; sourceTree = "<group>"; };
		3070773F1745526E008A8F29 /* ViewController.m */ = {isa = PBXFileReference; lastKnownFileType = sourcecode.c.objc; path = ViewController.m; sourceTree = "<group>"; };
/* End PBXFileReference section */

/* Begin PBXFrameworksBuildPhase section */
		3070771A1745526D008A8F29 /* Frameworks */ = {
			isa = PBXFrameworksBuildPhase;
			buildActionMask = 2147483647;
			files = (
				307077211745526D008A8F29 /* UIKit.framework in Frameworks */,
				307077231745526D008A8F29 /* Foundation.framework in Frameworks */,
				307077251745526D008A8F29 /* CoreGraphics.framework in Frameworks */,
			);
			runOnlyForDeploymentPostprocessing = 0;
		};
/* End PBXFrameworksBuildPhase section */

/* Begin PBXGroup section */
		307077141745526D008A8F29 = {
			isa = PBXGroup;
			children = (
				307077261745526D008A8F29 /* aocApp2 */,
				3070771F1745526D008A8F29 /* Frameworks */,
				3070771E1745526D008A8F29 /* Products */,
			);
			sourceTree = "<group>";
		};
		3070771E1745526D008A8F29 /* Products */ = {
			isa = PBXGroup;
			children = (
				3070771D1745526D008A8F29 /* aocApp2.app */,
			);
			name = Products;
			sourceTree = "<group>";
		};
		3070771F1745526D008A8F29 /* Frameworks */ = {
			isa = PBXGroup;
			children = (
				307077201745526D008A8F29 /* UIKit.framework */,
				307077221745526D008A8F29 /* Foundation.framework */,
				307077241745526D008A8F29 /* CoreGraphics.framework */,
			);
			name = Frameworks;
			sourceTree = "<group>";
		};
		307077261745526D008A8F29 /* aocApp2 */ = {
			isa = PBXGroup;
			children = (
				3070772F1745526D008A8F29 /* AppDelegate.h */,
				307077301745526D008A8F29 /* AppDelegate.m */,
				307077381745526E008A8F29 /* MainStoryboard_iPhone.storyboard */,
				3070773B1745526E008A8F29 /* MainStoryboard_iPad.storyboard */,
				3070773E1745526E008A8F29 /* ViewController.h */,
				3070773F1745526E008A8F29 /* ViewController.m */,
				307077271745526D008A8F29 /* Supporting Files */,
			);
			path = aocApp2;
			sourceTree = "<group>";
		};
		307077271745526D008A8F29 /* Supporting Files */ = {
			isa = PBXGroup;
			children = (
				307077281745526D008A8F29 /* aocApp2-Info.plist */,
				307077291745526D008A8F29 /* InfoPlist.strings */,
				3070772C1745526D008A8F29 /* main.m */,
				3070772E1745526D008A8F29 /* aocApp2-Prefix.pch */,
				307077321745526D008A8F29 /* Default.png */,
				307077341745526D008A8F29 /* Default@2x.png */,
				307077361745526D008A8F29 /* Default-568h@2x.png */,
			);
			name = "Supporting Files";
			sourceTree = "<group>";
		};
/* End PBXGroup section */

/* Begin PBXNativeTarget section */
		3070771C1745526D008A8F29 /* aocApp2 */ = {
			isa = PBXNativeTarget;
			buildConfigurationList = 307077431745526E008A8F29 /* Build configuration list for PBXNativeTarget "aocApp2" */;
			buildPhases = (
				307077191745526D008A8F29 /* Sources */,
				3070771A1745526D008A8F29 /* Frameworks */,
				3070771B1745526D008A8F29 /* Resources */,
			);
			buildRules = (
			);
			dependencies = (
			);
			name = aocApp2;
			productName = aocApp2;
			productReference = 3070771D1745526D008A8F29 /* aocApp2.app */;
			productType = "com.apple.product-type.application";
		};
/* End PBXNativeTarget section */

/* Begin PBXProject section */
		307077151745526D008A8F29 /* Project object */ = {
			isa = PBXProject;
			attributes = {
				LastUpgradeCheck = 0460;
			};
			buildConfigurationList = 307077181745526D008A8F29 /* Build configuration list for PBXProject "aocApp2" */;
			compatibilityVersion = "Xcode 3.2";
			developmentRegion = English;
			hasScannedForEncodings = 0;
			knownRegions = (
				en,
			);
			mainGroup = 307077141745526D008A8F29;
			productRefGroup = 3070771E1745526D008A8F29 /* Products */;
			projectDirPath = "";
			projectRoot = "";
			targets = (
				3070771C1745526D008A8F29 /* aocApp2 */,
			);
		};
/* End PBXProject section */

/* Begin PBXResourcesBuildPhase section */
		3070771B1745526D008A8F29 /* Resources */ = {
			isa = PBXResourcesBuildPhase;
			buildActionMask = 2147483647;
			files = (
				3070772B1745526D008A8F29 /* InfoPlist.strings in Resources */,
				307077331745526D008A8F29 /* Default.png in Resources */,
				307077351745526D008A8F29 /* Default@2x.png in Resources */,
				307077371745526D008A8F29 /* Default-568h@2x.png in Resources */,
				3070773A1745526E008A8F29 /* MainStoryboard_iPhone.storyboard in Resources */,
				3070773D1745526E008A8F29 /* MainStoryboard_iPad.storyboard in Resources */,
			);
			runOnlyForDeploymentPostprocessing = 0;
		};
/* End PBXResourcesBuildPhase section */

/* Begin PBXSourcesBuildPhase section */
		307077191745526D008A8F29 /* Sources */ = {
			isa = PBXSourcesBuildPhase;
			buildActionMask = 2147483647;
			files = (
				3070772D1745526D008A8F29 /* main.m in Sources */,
				307077311745526D008A8F29 /* AppDelegate.m in Sources */,
				307077401745526E008A8F29 /* ViewController.m in Sources */,
			);
			runOnlyForDeploymentPostprocessing = 0;
		};
/* End PBXSourcesBuildPhase section */

/* Begin PBXVariantGroup section */
		307077291745526D008A8F29 /* InfoPlist.strings */ = {
			isa = PBXVariantGroup;
			children = (
				3070772A1745526D008A8F29 /* en */,
			);
			name = InfoPlist.strings;
			sourceTree = "<group>";
		};
		307077381745526E008A8F29 /* MainStoryboard_iPhone.storyboard */ = {
			isa = PBXVariantGroup;
			children = (
				307077391745526E008A8F29 /* en */,
			);
			name = MainStoryboard_iPhone.storyboard;
			sourceTree = "<group>";
		};
		3070773B1745526E008A8F29 /* MainStoryboard_iPad.storyboard */ = {
			isa = PBXVariantGroup;
			children = (
				3070773C1745526E008A8F29 /* en */,
			);
			name = MainStoryboard_iPad.storyboard;
			sourceTree = "<group>";
		};
/* End PBXVariantGroup section */

/* Begin XCBuildConfiguration section */
		307077411745526E008A8F29 /* Debug */ = {
			isa = XCBuildConfiguration;
			buildSettings = {
				ALWAYS_SEARCH_USER_PATHS = NO;
				CLANG_CXX_LANGUAGE_STANDARD = "gnu++0x";
				CLANG_CXX_LIBRARY = "libc++";
				CLANG_WARN_CONSTANT_CONVERSION = YES;
				CLANG_WARN_EMPTY_BODY = YES;
				CLANG_WARN_ENUM_CONVERSION = YES;
				CLANG_WARN_INT_CONVERSION = YES;
				CLANG_WARN__DUPLICATE_METHOD_MATCH = YES;
				"CODE_SIGN_IDENTITY[sdk=iphoneos*]" = "iPhone Developer";
				COPY_PHASE_STRIP = NO;
				GCC_C_LANGUAGE_STANDARD = gnu99;
				GCC_DYNAMIC_NO_PIC = NO;
				GCC_OPTIMIZATION_LEVEL = 0;
				GCC_PREPROCESSOR_DEFINITIONS = (
					"DEBUG=1",
					"$(inherited)",
				);
				GCC_SYMBOLS_PRIVATE_EXTERN = NO;
				GCC_WARN_ABOUT_RETURN_TYPE = YES;
				GCC_WARN_UNINITIALIZED_AUTOS = YES;
				GCC_WARN_UNUSED_VARIABLE = YES;
				IPHONEOS_DEPLOYMENT_TARGET = 6.1;
				ONLY_ACTIVE_ARCH = YES;
				SDKROOT = iphoneos;
				TARGETED_DEVICE_FAMILY = "1,2";
			};
			name = Debug;
		};
		307077421745526E008A8F29 /* Release */ = {
			isa = XCBuildConfiguration;
			buildSettings = {
				ALWAYS_SEARCH_USER_PATHS = NO;
				CLANG_CXX_LANGUAGE_STANDARD = "gnu++0x";
				CLANG_CXX_LIBRARY = "libc++";
				CLANG_WARN_CONSTANT_CONVERSION = YES;
				CLANG_WARN_EMPTY_BODY = YES;
				CLANG_WARN_ENUM_CONVERSION = YES;
				CLANG_WARN_INT_CONVERSION = YES;
				CLANG_WARN__DUPLICATE_METHOD_MATCH = YES;
				"CODE_SIGN_IDENTITY[sdk=iphoneos*]" = "iPhone Developer";
				COPY_PHASE_STRIP = YES;
				GCC_C_LANGUAGE_STANDARD = gnu99;
				GCC_WARN_ABOUT_RETURN_TYPE = YES;
				GCC_WARN_UNINITIALIZED_AUTOS = YES;
				GCC_WARN_UNUSED_VARIABLE = YES;
				IPHONEOS_DEPLOYMENT_TARGET = 6.1;
				OTHER_CFLAGS = "-DNS_BLOCK_ASSERTIONS=1";
				SDKROOT = iphoneos;
				TARGETED_DEVICE_FAMILY = "1,2";
				VALIDATE_PRODUCT = YES;
			};
			name = Release;
		};
		307077441745526E008A8F29 /* Debug */ = {
			isa = XCBuildConfiguration;
			buildSettings = {
				GCC_PRECOMPILE_PREFIX_HEADER = YES;
				GCC_PREFIX_HEADER = "aocApp2/aocApp2-Prefix.pch";
				INFOPLIST_FILE = "aocApp2/aocApp2-Info.plist";
				PRODUCT_NAME = "$(TARGET_NAME)";
				WRAPPER_EXTENSION = app;
			};
			name = Debug;
		};
		307077451745526E008A8F29 /* Release */ = {
			isa = XCBuildConfiguration;
			buildSettings = {
				GCC_PRECOMPILE_PREFIX_HEADER = YES;
				GCC_PREFIX_HEADER = "aocApp2/aocApp2-Prefix.pch";
				INFOPLIST_FILE = "aocApp2/aocApp2-Info.plist";
				PRODUCT_NAME = "$(TARGET_NAME)";
				WRAPPER_EXTENSION = app;
			};
			name = Release;
		};
/* End XCBuildConfiguration section */

/* Begin XCConfigurationList section */
		307077181745526D008A8F29 /* Build configuration list for PBXProject "aocApp2" */ = {
			isa = XCConfigurationList;
			buildConfigurations = (
				307077411745526E008A8F29 /* Debug */,
				307077421745526E008A8F29 /* Release */,
			);
			defaultConfigurationIsVisible = 0;
			defaultConfigurationName = Release;
		};
		307077431745526E008A8F29 /* Build configuration list for PBXNativeTarget "aocApp2" */ = {
			isa = XCConfigurationList;
			buildConfigurations = (
				307077441745526E008A8F29 /* Debug */,
				307077451745526E008A8F29 /* Release */,
			);
			defaultConfigurationIsVisible = 0;
		};
/* End XCConfigurationList section */
	};
	rootObject = 307077151745526D008A8F29 /* Project object */;
}
